
Microsoft Visual Studio Solution File, Format Version 12.00
# Visual Studio Version 17
VisualStudioVersion = 17.13.35919.96 d17.13
MinimumVisualStudioVersion = 10.0.40219.1
Project("{FAE04EC0-301F-11D3-BF4B-00C04F79EFBC}") = "WebAuth", "WebAuth\WebAuth.csproj", "{99E40F39-B829-4635-85EF-5914FEF46209}"
EndProject
Global
	GlobalSection(SolutionConfigurationPlatforms) = preSolution
		Debug|Any CPU = Debug|Any CPU
		Release|Any CPU = Release|Any CPU
	EndGlobalSection
	GlobalSection(ProjectConfigurationPlatforms) = postSolution
		{99E40F39-B829-4635-85EF-5914FEF46209}.Debug|Any CPU.ActiveCfg = Debug|Any CPU
		{99E40F39-B829-4635-85EF-5914FEF46209}.Debug|Any CPU.Build.0 = Debug|Any CPU
		{99E40F39-B829-4635-85EF-5914FEF46209}.Release|Any CPU.ActiveCfg = Release|Any CPU
		{99E40F39-B829-4635-85EF-5914FEF46209}.Release|Any CPU.Build.0 = Release|Any CPU
	EndGlobalSection
	GlobalSection(SolutionProperties) = preSolution
		HideSolutionNode = FALSE
	EndGlobalSection
	GlobalSection(ExtensibilityGlobals) = postSolution
		SolutionGuid = {42F446BD-7F4C-4944-A211-351127126821}
	EndGlobalSection
EndGlobal
